
Microsoft Visual Studio Solution File, Format Version 12.00
# Visual Studio Version 17
VisualStudioVersion = 17.3.32901.215
MinimumVisualStudioVersion = 10.0.40219.1
Project("{FAE04EC0-301F-11D3-BF4B-00C04F79EFBC}") = "G04Telemetry", "G04Telemetry\G04Telemetry.csproj", "{20934744-9946-4A36-BB17-829B79742999}"
EndProject
Global
	GlobalSection(SolutionConfigurationPlatforms) = preSolution
		Debug|Any CPU = Debug|Any CPU
		Release|Any CPU = Release|Any CPU
	EndGlobalSection
	GlobalSection(ProjectConfigurationPlatforms) = postSolution
		{20934744-9946-4A36-BB17-829B79742999}.Debug|Any CPU.ActiveCfg = Debug|Any CPU
		{20934744-9946-4A36-BB17-829B79742999}.Debug|Any CPU.Build.0 = Debug|Any CPU
		{20934744-9946-4A36-BB17-829B79742999}.Release|Any CPU.ActiveCfg = Release|Any CPU
		{20934744-9946-4A36-BB17-829B79742999}.Release|Any CPU.Build.0 = Release|Any CPU
	EndGlobalSection
	GlobalSection(SolutionProperties) = preSolution
		HideSolutionNode = FALSE
	EndGlobalSection
	GlobalSection(ExtensibilityGlobals) = postSolution
		SolutionGuid = {1E36E6DC-6CB0-4418-B0CA-7CC931633C2F}
	EndGlobalSection
EndGlobal
